
Microsoft Visual Studio Solution File, Format Version 12.00
# Visual Studio Version 17
VisualStudioVersion = 17.11.35303.130
MinimumVisualStudioVersion = 10.0.40219.1
Project("{9A19103F-16F7-4668-BE54-9A1E7A4F7556}") = "8_U_1", "8_U_1\8_U_1.csproj", "{6632B8C8-BBAC-40E8-A6A8-93DD712A39A1}"
EndProject
Project("{FAE04EC0-301F-11D3-BF4B-00C04F79EFBC}") = "8_U_2", "8_U_2\8_U_2.csproj", "{F517107F-AA08-4ACC-B81D-99983A43D802}"
EndProject
Project("{FAE04EC0-301F-11D3-BF4B-00C04F79EFBC}") = "8_U_3", "8_U_3\8_U_3.csproj", "{453B452F-E409-4CA0-B686-DC42C05E0E4A}"
EndProject
Global
	GlobalSection(SolutionConfigurationPlatforms) = preSolution
		Debug|Any CPU = Debug|Any CPU
		Release|Any CPU = Release|Any CPU
	EndGlobalSection
	GlobalSection(ProjectConfigurationPlatforms) = postSolution
		{6632B8C8-BBAC-40E8-A6A8-93DD712A39A1}.Debug|Any CPU.ActiveCfg = Debug|Any CPU
		{6632B8C8-BBAC-40E8-A6A8-93DD712A39A1}.Debug|Any CPU.Build.0 = Debug|Any CPU
		{6632B8C8-BBAC-40E8-A6A8-93DD712A39A1}.Release|Any CPU.ActiveCfg = Release|Any CPU
		{6632B8C8-BBAC-40E8-A6A8-93DD712A39A1}.Release|Any CPU.Build.0 = Release|Any CPU
		{F517107F-AA08-4ACC-B81D-99983A43D802}.Debug|Any CPU.ActiveCfg = Debug|Any CPU
		{F517107F-AA08-4ACC-B81D-99983A43D802}.Debug|Any CPU.Build.0 = Debug|Any CPU
		{F517107F-AA08-4ACC-B81D-99983A43D802}.Release|Any CPU.ActiveCfg = Release|Any CPU
		{F517107F-AA08-4ACC-B81D-99983A43D802}.Release|Any CPU.Build.0 = Release|Any CPU
		{453B452F-E409-4CA0-B686-DC42C05E0E4A}.Debug|Any CPU.ActiveCfg = Debug|Any CPU
		{453B452F-E409-4CA0-B686-DC42C05E0E4A}.Debug|Any CPU.Build.0 = Debug|Any CPU
		{453B452F-E409-4CA0-B686-DC42C05E0E4A}.Release|Any CPU.ActiveCfg = Release|Any CPU
		{453B452F-E409-4CA0-B686-DC42C05E0E4A}.Release|Any CPU.Build.0 = Release|Any CPU
	EndGlobalSection
	GlobalSection(SolutionProperties) = preSolution
		HideSolutionNode = FALSE
	EndGlobalSection
	GlobalSection(ExtensibilityGlobals) = postSolution
		SolutionGuid = {130F46A1-314B-47CC-85A7-7FA158066D7A}
	EndGlobalSection
EndGlobal
